
Microsoft Visual Studio Solution File, Format Version 12.00
# Visual Studio Version 16
VisualStudioVersion = 16.0.31624.102
MinimumVisualStudioVersion = 10.0.40219.1
Project("{FAE04EC0-301F-11D3-BF4B-00C04F79EFBC}") = "Program4", "Program4\Program4.csproj", "{B3A471D2-C69F-4421-8240-331F1FA8CB3A}"
EndProject
Global
	GlobalSection(SolutionConfigurationPlatforms) = preSolution
		Debug|Any CPU = Debug|Any CPU
		Release|Any CPU = Release|Any CPU
	EndGlobalSection
	GlobalSection(ProjectConfigurationPlatforms) = postSolution
		{B3A471D2-C69F-4421-8240-331F1FA8CB3A}.Debug|Any CPU.ActiveCfg = Debug|Any CPU
		{B3A471D2-C69F-4421-8240-331F1FA8CB3A}.Debug|Any CPU.Build.0 = Debug|Any CPU
		{B3A471D2-C69F-4421-8240-331F1FA8CB3A}.Release|Any CPU.ActiveCfg = Release|Any CPU
		{B3A471D2-C69F-4421-8240-331F1FA8CB3A}.Release|Any CPU.Build.0 = Release|Any CPU
	EndGlobalSection
	GlobalSection(SolutionProperties) = preSolution
		HideSolutionNode = FALSE
	EndGlobalSection
	GlobalSection(ExtensibilityGlobals) = postSolution
		SolutionGuid = {6A8E1A53-E9F9-4C3C-862A-7DC0B7682849}
	EndGlobalSection
EndGlobal
